
Microsoft Visual Studio Solution File, Format Version 12.00
# Visual Studio Version 17
VisualStudioVersion = 17.3.32901.215
MinimumVisualStudioVersion = 10.0.40219.1
Project("{FAE04EC0-301F-11D3-BF4B-00C04F79EFBC}") = "Deliverable1 - Liam Donelson", "Deliverable1 - Liam Donelson\Deliverable1 - Liam Donelson.csproj", "{57A588EA-ADA7-4BA0-8AB1-F680E3293917}"
EndProject
Project("{2150E333-8FDC-42A3-9474-1A3956D46DE8}") = "Solution Items", "Solution Items", "{C183E30C-1F29-417E-AA5A-F408AE111C99}"
	ProjectSection(SolutionItems) = preProject
		.editorconfig = .editorconfig
	EndProjectSection
EndProject
Global
	GlobalSection(SolutionConfigurationPlatforms) = preSolution
		Debug|Any CPU = Debug|Any CPU
		Release|Any CPU = Release|Any CPU
	EndGlobalSection
	GlobalSection(ProjectConfigurationPlatforms) = postSolution
		{57A588EA-ADA7-4BA0-8AB1-F680E3293917}.Debug|Any CPU.ActiveCfg = Debug|Any CPU
		{57A588EA-ADA7-4BA0-8AB1-F680E3293917}.Debug|Any CPU.Build.0 = Debug|Any CPU
		{57A588EA-ADA7-4BA0-8AB1-F680E3293917}.Release|Any CPU.ActiveCfg = Release|Any CPU
		{57A588EA-ADA7-4BA0-8AB1-F680E3293917}.Release|Any CPU.Build.0 = Release|Any CPU
	EndGlobalSection
	GlobalSection(SolutionProperties) = preSolution
		HideSolutionNode = FALSE
	EndGlobalSection
	GlobalSection(ExtensibilityGlobals) = postSolution
		SolutionGuid = {A6BF803C-172E-4E00-8AF4-299055C5E73D}
	EndGlobalSection
EndGlobal
